// !$*UTF8*$!
{
	archiveVersion = 1;
	classes = {
	};
	objectVersion = 46;
	objects = {

/* Begin PBXBuildFile section */
		4C4971AA1E8C18F600541EDE /* AppDelegate.swift in Sources */ = {isa = PBXBuildFile; fileRef = 4C4971A91E8C18F600541EDE /* AppDelegate.swift */; };
		4C4971AC1E8C18F600541EDE /* ViewController.swift in Sources */ = {isa = PBXBuildFile; fileRef = 4C4971AB1E8C18F600541EDE /* ViewController.swift */; };
		4C4971AF1E8C18F600541EDE /* Main.storyboard in Resources */ = {isa = PBXBuildFile; fileRef = 4C4971AD1E8C18F600541EDE /* Main.storyboard */; };
		4C4971B11E8C18F600541EDE /* Assets.xcassets in Resources */ = {isa = PBXBuildFile; fileRef = 4C4971B01E8C18F600541EDE /* Assets.xcassets */; };
		4C4971B41E8C18F600541EDE /* LaunchScreen.storyboard in Resources */ = {isa = PBXBuildFile; fileRef = 4C4971B21E8C18F600541EDE /* LaunchScreen.storyboard */; };
		4C4971BF1E8C18F600541EDE /* _0353206Tests.swift in Sources */ = {isa = PBXBuildFile; fileRef = 4C4971BE1E8C18F600541EDE /* _0353206Tests.swift */; };
		4C4971CA1E8C18F600541EDE /* _0353206UITests.swift in Sources */ = {isa = PBXBuildFile; fileRef = 4C4971C91E8C18F600541EDE /* _0353206UITests.swift */; };
/* End PBXBuildFile section */

/* Begin PBXContainerItemProxy section */
		4C4971BB1E8C18F600541EDE /* PBXContainerItemProxy */ = {
			isa = PBXContainerItemProxy;
			containerPortal = 4C49719E1E8C18F600541EDE /* Project object */;
			proxyType = 1;
			remoteGlobalIDString = 4C4971A51E8C18F600541EDE;
			remoteInfo = 00353206;
		};
		4C4971C61E8C18F600541EDE /* PBXContainerItemProxy */ = {
			isa = PBXContainerItemProxy;
			containerPortal = 4C49719E1E8C18F600541EDE /* Project object */;
			proxyType = 1;
			remoteGlobalIDString = 4C4971A51E8C18F600541EDE;
			remoteInfo = 00353206;
		};
/* End PBXContainerItemProxy section */

/* Begin PBXFileReference section */
		4C4971A61E8C18F600541EDE /* 00353206.app */ = {isa = PBXFileReference; explicitFileType = wrapper.application; includeInIndex = 0; path = 00353206.app; sourceTree = BUILT_PRODUCTS_DIR; };
		4C4971A91E8C18F600541EDE /* AppDelegate.swift */ = {isa = PBXFileReference; lastKnownFileType = sourcecode.swift; path = AppDelegate.swift; sourceTree = "<group>"; };
		4C4971AB1E8C18F600541EDE /* ViewController.swift */ = {isa = PBXFileReference; lastKnownFileType = sourcecode.swift; path = ViewController.swift; sourceTree = "<group>"; };
		4C4971AE1E8C18F600541EDE /* Base */ = {isa = PBXFileReference; lastKnownFileType = file.storyboard; name = Base; path = Base.lproj/Main.storyboard; sourceTree = "<group>"; };
		4C4971B01E8C18F600541EDE /* Assets.xcassets */ = {isa = PBXFileReference; lastKnownFileType = folder.assetcatalog; path = Assets.xcassets; sourceTree = "<group>"; };
		4C4971B31E8C18F600541EDE /* Base */ = {isa = PBXFileReference; lastKnownFileType = file.storyboard; name = Base; path = Base.lproj/LaunchScreen.storyboard; sourceTree = "<group>"; };
		4C4971B51E8C18F600541EDE /* Info.plist */ = {isa = PBXFileReference; lastKnownFileType = text.plist.xml; path = Info.plist; sourceTree = "<group>"; };
		4C4971BA1E8C18F600541EDE /* 00353206Tests.xctest */ = {isa = PBXFileReference; explicitFileType = wrapper.cfbundle; includeInIndex = 0; path = 00353206Tests.xctest; sourceTree = BUILT_PRODUCTS_DIR; };
		4C4971BE1E8C18F600541EDE /* _0353206Tests.swift */ = {isa = PBXFileReference; lastKnownFileType = sourcecode.swift; path = _0353206Tests.swift; sourceTree = "<group>"; };
		4C4971C01E8C18F600541EDE /* Info.plist */ = {isa = PBXFileReference; lastKnownFileType = text.plist.xml; path = Info.plist; sourceTree = "<group>"; };
		4C4971C51E8C18F600541EDE /* 00353206UITests.xctest */ = {isa = PBXFileReference; explicitFileType = wrapper.cfbundle; includeInIndex = 0; path = 00353206UITests.xctest; sourceTree = BUILT_PRODUCTS_DIR; };
		4C4971C91E8C18F600541EDE /* _0353206UITests.swift */ = {isa = PBXFileReference; lastKnownFileType = sourcecode.swift; path = _0353206UITests.swift; sourceTree = "<group>"; };
		4C4971CB1E8C18F600541EDE /* Info.plist */ = {isa = PBXFileReference; lastKnownFileType = text.plist.xml; path = Info.plist; sourceTree = "<group>"; };
/* End PBXFileReference section */

/* Begin PBXFrameworksBuildPhase section */
		4C4971A31E8C18F600541EDE /* Frameworks */ = {
			isa = PBXFrameworksBuildPhase;
			buildActionMask = 2147483647;
			files = (
			);
			runOnlyForDeploymentPostprocessing = 0;
		};
		4C4971B71E8C18F600541EDE /* Frameworks */ = {
			isa = PBXFrameworksBuildPhase;
			buildActionMask = 2147483647;
			files = (
			);
			runOnlyForDeploymentPostprocessing = 0;
		};
		4C4971C21E8C18F600541EDE /* Frameworks */ = {
			isa = PBXFrameworksBuildPhase;
			buildActionMask = 2147483647;
			files = (
			);
			runOnlyForDeploymentPostprocessing = 0;
		};
/* End PBXFrameworksBuildPhase section */

/* Begin PBXGroup section */
		4C49719D1E8C18F600541EDE = {
			isa = PBXGroup;
			children = (
				4C4971A81E8C18F600541EDE /* 00353206 */,
				4C4971BD1E8C18F600541EDE /* 00353206Tests */,
				4C4971C81E8C18F600541EDE /* 00353206UITests */,
				4C4971A71E8C18F600541EDE /* Products */,
			);
			sourceTree = "<group>";
		};
		4C4971A71E8C18F600541EDE /* Products */ = {
			isa = PBXGroup;
			children = (
				4C4971A61E8C18F600541EDE /* 00353206.app */,
				4C4971BA1E8C18F600541EDE /* 00353206Tests.xctest */,
				4C4971C51E8C18F600541EDE /* 00353206UITests.xctest */,
			);
			name = Products;
			sourceTree = "<group>";
		};
		4C4971A81E8C18F600541EDE /* 00353206 */ = {
			isa = PBXGroup;
			children = (
				4C4971A91E8C18F600541EDE /* AppDelegate.swift */,
				4C4971AB1E8C18F600541EDE /* ViewController.swift */,
				4C4971AD1E8C18F600541EDE /* Main.storyboard */,
				4C4971B01E8C18F600541EDE /* Assets.xcassets */,
				4C4971B21E8C18F600541EDE /* LaunchScreen.storyboard */,
				4C4971B51E8C18F600541EDE /* Info.plist */,
			);
			path = 00353206;
			sourceTree = "<group>";
		};
		4C4971BD1E8C18F600541EDE /* 00353206Tests */ = {
			isa = PBXGroup;
			children = (
				4C4971BE1E8C18F600541EDE /* _0353206Tests.swift */,
				4C4971C01E8C18F600541EDE /* Info.plist */,
			);
			path = 00353206Tests;
			sourceTree = "<group>";
		};
		4C4971C81E8C18F600541EDE /* 00353206UITests */ = {
			isa = PBXGroup;
			children = (
				4C4971C91E8C18F600541EDE /* _0353206UITests.swift */,
				4C4971CB1E8C18F600541EDE /* Info.plist */,
			);
			path = 00353206UITests;
			sourceTree = "<group>";
		};
/* End PBXGroup section */

/* Begin PBXNativeTarget section */
		4C4971A51E8C18F600541EDE /* 00353206 */ = {
			isa = PBXNativeTarget;
			buildConfigurationList = 4C4971CE1E8C18F600541EDE /* Build configuration list for PBXNativeTarget "00353206" */;
			buildPhases = (
				4C4971A21E8C18F600541EDE /* Sources */,
				4C4971A31E8C18F600541EDE /* Frameworks */,
				4C4971A41E8C18F600541EDE /* Resources */,
			);
			buildRules = (
			);
			dependencies = (
			);
			name = 00353206;
			productName = 00353206;
			productReference = 4C4971A61E8C18F600541EDE /* 00353206.app */;
			productType = "com.apple.product-type.application";
		};
		4C4971B91E8C18F600541EDE /* 00353206Tests */ = {
			isa = PBXNativeTarget;
			buildConfigurationList = 4C4971D11E8C18F600541EDE /* Build configuration list for PBXNativeTarget "00353206Tests" */;
			buildPhases = (
				4C4971B61E8C18F600541EDE /* Sources */,
				4C4971B71E8C18F600541EDE /* Frameworks */,
				4C4971B81E8C18F600541EDE /* Resources */,
			);
			buildRules = (
			);
			dependencies = (
				4C4971BC1E8C18F600541EDE /* PBXTargetDependency */,
			);
			name = 00353206Tests;
			productName = 00353206Tests;
			productReference = 4C4971BA1E8C18F600541EDE /* 00353206Tests.xctest */;
			productType = "com.apple.product-type.bundle.unit-test";
		};
		4C4971C41E8C18F600541EDE /* 00353206UITests */ = {
			isa = PBXNativeTarget;
			buildConfigurationList = 4C4971D41E8C18F600541EDE /* Build configuration list for PBXNativeTarget "00353206UITests" */;
			buildPhases = (
				4C4971C11E8C18F600541EDE /* Sources */,
				4C4971C21E8C18F600541EDE /* Frameworks */,
				4C4971C31E8C18F600541EDE /* Resources */,
			);
			buildRules = (
			);
			dependencies = (
				4C4971C71E8C18F600541EDE /* PBXTargetDependency */,
			);
			name = 00353206UITests;
			productName = 00353206UITests;
			productReference = 4C4971C51E8C18F600541EDE /* 00353206UITests.xctest */;
			productType = "com.apple.product-type.bundle.ui-testing";
		};
/* End PBXNativeTarget section */

/* Begin PBXProject section */
		4C49719E1E8C18F600541EDE /* Project object */ = {
			isa = PBXProject;
			attributes = {
				LastSwiftUpdateCheck = 0820;
				LastUpgradeCheck = 0820;
				ORGANIZATIONNAME = "陳毓琇";
				TargetAttributes = {
					4C4971A51E8C18F600541EDE = {
						CreatedOnToolsVersion = 8.2.1;
						ProvisioningStyle = Automatic;
					};
					4C4971B91E8C18F600541EDE = {
						CreatedOnToolsVersion = 8.2.1;
						ProvisioningStyle = Automatic;
						TestTargetID = 4C4971A51E8C18F600541EDE;
					};
					4C4971C41E8C18F600541EDE = {
						CreatedOnToolsVersion = 8.2.1;
						ProvisioningStyle = Automatic;
						TestTargetID = 4C4971A51E8C18F600541EDE;
					};
				};
			};
			buildConfigurationList = 4C4971A11E8C18F600541EDE /* Build configuration list for PBXProject "00353206" */;
			compatibilityVersion = "Xcode 3.2";
			developmentRegion = English;
			hasScannedForEncodings = 0;
			knownRegions = (
				en,
				Base,
			);
			mainGroup = 4C49719D1E8C18F600541EDE;
			productRefGroup = 4C4971A71E8C18F600541EDE /* Products */;
			projectDirPath = "";
			projectRoot = "";
			targets = (
				4C4971A51E8C18F600541EDE /* 00353206 */,
				4C4971B91E8C18F600541EDE /* 00353206Tests */,
				4C4971C41E8C18F600541EDE /* 00353206UITests */,
			);
		};
/* End PBXProject section */

/* Begin PBXResourcesBuildPhase section */
		4C4971A41E8C18F600541EDE /* Resources */ = {
			isa = PBXResourcesBuildPhase;
			buildActionMask = 2147483647;
			files = (
				4C4971B41E8C18F600541EDE /* LaunchScreen.storyboard in Resources */,
				4C4971B11E8C18F600541EDE /* Assets.xcassets in Resources */,
				4C4971AF1E8C18F600541EDE /* Main.storyboard in Resources */,
			);
			runOnlyForDeploymentPostprocessing = 0;
		};
		4C4971B81E8C18F600541EDE /* Resources */ = {
			isa = PBXResourcesBuildPhase;
			buildActionMask = 2147483647;
			files = (
			);
			runOnlyForDeploymentPostprocessing = 0;
		};
		4C4971C31E8C18F600541EDE /* Resources */ = {
			isa = PBXResourcesBuildPhase;
			buildActionMask = 2147483647;
			files = (
			);
			runOnlyForDeploymentPostprocessing = 0;
		};
/* End PBXResourcesBuildPhase section */

/* Begin PBXSourcesBuildPhase section */
		4C4971A21E8C18F600541EDE /* Sources */ = {
			isa = PBXSourcesBuildPhase;
			buildActionMask = 2147483647;
			files = (
				4C4971AC1E8C18F600541EDE /* ViewController.swift in Sources */,
				4C4971AA1E8C18F600541EDE /* AppDelegate.swift in Sources */,
			);
			runOnlyForDeploymentPostprocessing = 0;
		};
		4C4971B61E8C18F600541EDE /* Sources */ = {
			isa = PBXSourcesBuildPhase;
			buildActionMask = 2147483647;
			files = (
				4C4971BF1E8C18F600541EDE /* _0353206Tests.swift in Sources */,
			);
			runOnlyForDeploymentPostprocessing = 0;
		};
		4C4971C11E8C18F600541EDE /* Sources */ = {
			isa = PBXSourcesBuildPhase;
			buildActionMask = 2147483647;
			files = (
				4C4971CA1E8C18F600541EDE /* _0353206UITests.swift in Sources */,
			);
			runOnlyForDeploymentPostprocessing = 0;
		};
/* End PBXSourcesBuildPhase section */

/* Begin PBXTargetDependency section */
		4C4971BC1E8C18F600541EDE /* PBXTargetDependency */ = {
			isa = PBXTargetDependency;
			target = 4C4971A51E8C18F600541EDE /* 00353206 */;
			targetProxy = 4C4971BB1E8C18F600541EDE /* PBXContainerItemProxy */;
		};
		4C4971C71E8C18F600541EDE /* PBXTargetDependency */ = {
			isa = PBXTargetDependency;
			target = 4C4971A51E8C18F600541EDE /* 00353206 */;
			targetProxy = 4C4971C61E8C18F600541EDE /* PBXContainerItemProxy */;
		};
/* End PBXTargetDependency section */

/* Begin PBXVariantGroup section */
		4C4971AD1E8C18F600541EDE /* Main.storyboard */ = {
			isa = PBXVariantGroup;
			children = (
				4C4971AE1E8C18F600541EDE /* Base */,
			);
			name = Main.storyboard;
			sourceTree = "<group>";
		};
		4C4971B21E8C18F600541EDE /* LaunchScreen.storyboard */ = {
			isa = PBXVariantGroup;
			children = (
				4C4971B31E8C18F600541EDE /* Base */,
			);
			name = LaunchScreen.storyboard;
			sourceTree = "<group>";
		};
/* End PBXVariantGroup section */

/* Begin XCBuildConfiguration section */
		4C4971CC1E8C18F600541EDE /* Debug */ = {
			isa = XCBuildConfiguration;
			buildSettings = {
				ALWAYS_SEARCH_USER_PATHS = NO;
				CLANG_ANALYZER_NONNULL = YES;
				CLANG_CXX_LANGUAGE_STANDARD = "gnu++0x";
				CLANG_CXX_LIBRARY = "libc++";
				CLANG_ENABLE_MODULES = YES;
				CLANG_ENABLE_OBJC_ARC = YES;
				CLANG_WARN_BOOL_CONVERSION = YES;
				CLANG_WARN_CONSTANT_CONVERSION = YES;
				CLANG_WARN_DIRECT_OBJC_ISA_USAGE = YES_ERROR;
				CLANG_WARN_DOCUMENTATION_COMMENTS = YES;
				CLANG_WARN_EMPTY_BODY = YES;
				CLANG_WARN_ENUM_CONVERSION = YES;
				CLANG_WARN_INFINITE_RECURSION = YES;
				CLANG_WARN_INT_CONVERSION = YES;
				CLANG_WARN_OBJC_ROOT_CLASS = YES_ERROR;
				CLANG_WARN_SUSPICIOUS_MOVE = YES;
				CLANG_WARN_UNREACHABLE_CODE = YES;
				CLANG_WARN__DUPLICATE_METHOD_MATCH = YES;
				"CODE_SIGN_IDENTITY[sdk=iphoneos*]" = "iPhone Developer";
				COPY_PHASE_STRIP = NO;
				DEBUG_INFORMATION_FORMAT = dwarf;
				ENABLE_STRICT_OBJC_MSGSEND = YES;
				ENABLE_TESTABILITY = YES;
				GCC_C_LANGUAGE_STANDARD = gnu99;
				GCC_DYNAMIC_NO_PIC = NO;
				GCC_NO_COMMON_BLOCKS = YES;
				GCC_OPTIMIZATION_LEVEL = 0;
				GCC_PREPROCESSOR_DEFINITIONS = (
					"DEBUG=1",
					"$(inherited)",
				);
				GCC_WARN_64_TO_32_BIT_CONVERSION = YES;
				GCC_WARN_ABOUT_RETURN_TYPE = YES_ERROR;
				GCC_WARN_UNDECLARED_SELECTOR = YES;
				GCC_WARN_UNINITIALIZED_AUTOS = YES_AGGRESSIVE;
				GCC_WARN_UNUSED_FUNCTION = YES;
				GCC_WARN_UNUSED_VARIABLE = YES;
				IPHONEOS_DEPLOYMENT_TARGET = 10.2;
				MTL_ENABLE_DEBUG_INFO = YES;
				ONLY_ACTIVE_ARCH = YES;
				SDKROOT = iphoneos;
				SWIFT_ACTIVE_COMPILATION_CONDITIONS = DEBUG;
				SWIFT_OPTIMIZATION_LEVEL = "-Onone";
				TARGETED_DEVICE_FAMILY = "1,2";
			};
			name = Debug;
		};
		4C4971CD1E8C18F600541EDE /* Release */ = {
			isa = XCBuildConfiguration;
			buildSettings = {
				ALWAYS_SEARCH_USER_PATHS = NO;
				CLANG_ANALYZER_NONNULL = YES;
				CLANG_CXX_LANGUAGE_STANDARD = "gnu++0x";
				CLANG_CXX_LIBRARY = "libc++";
				CLANG_ENABLE_MODULES = YES;
				CLANG_ENABLE_OBJC_ARC = YES;
				CLANG_WARN_BOOL_CONVERSION = YES;
				CLANG_WARN_CONSTANT_CONVERSION = YES;
				CLANG_WARN_DIRECT_OBJC_ISA_USAGE = YES_ERROR;
				CLANG_WARN_DOCUMENTATION_COMMENTS = YES;
				CLANG_WARN_EMPTY_BODY = YES;
				CLANG_WARN_ENUM_CONVERSION = YES;
				CLANG_WARN_INFINITE_RECURSION = YES;
				CLANG_WARN_INT_CONVERSION = YES;
				CLANG_WARN_OBJC_ROOT_CLASS = YES_ERROR;
				CLANG_WARN_SUSPICIOUS_MOVE = YES;
				CLANG_WARN_UNREACHABLE_CODE = YES;
				CLANG_WARN__DUPLICATE_METHOD_MATCH = YES;
				"CODE_SIGN_IDENTITY[sdk=iphoneos*]" = "iPhone Developer";
				COPY_PHASE_STRIP = NO;
				DEBUG_INFORMATION_FORMAT = "dwarf-with-dsym";
				ENABLE_NS_ASSERTIONS = NO;
				ENABLE_STRICT_OBJC_MSGSEND = YES;
				GCC_C_LANGUAGE_STANDARD = gnu99;
				GCC_NO_COMMON_BLOCKS = YES;
				GCC_WARN_64_TO_32_BIT_CONVERSION = YES;
				GCC_WARN_ABOUT_RETURN_TYPE = YES_ERROR;
				GCC_WARN_UNDECLARED_SELECTOR = YES;
				GCC_WARN_UNINITIALIZED_AUTOS = YES_AGGRESSIVE;
				GCC_WARN_UNUSED_FUNCTION = YES;
				GCC_WARN_UNUSED_VARIABLE = YES;
				IPHONEOS_DEPLOYMENT_TARGET = 10.2;
				MTL_ENABLE_DEBUG_INFO = NO;
				SDKROOT = iphoneos;
				SWIFT_OPTIMIZATION_LEVEL = "-Owholemodule";
				TARGETED_DEVICE_FAMILY = "1,2";
				VALIDATE_PRODUCT = YES;
			};
			name = Release;
		};
		4C4971CF1E8C18F600541EDE /* Debug */ = {
			isa = XCBuildConfiguration;
			buildSettings = {
				ASSETCATALOG_COMPILER_APPICON_NAME = AppIcon;
				INFOPLIST_FILE = 00353206/Info.plist;
				LD_RUNPATH_SEARCH_PATHS = "$(inherited) @executable_path/Frameworks";
				PRODUCT_BUNDLE_IDENTIFIER = "eva.-0353206";
				PRODUCT_NAME = "$(TARGET_NAME)";
				SWIFT_VERSION = 3.0;
			};
			name = Debug;
		};
		4C4971D01E8C18F600541EDE /* Release */ = {
			isa = XCBuildConfiguration;
			buildSettings = {
				ASSETCATALOG_COMPILER_APPICON_NAME = AppIcon;
				INFOPLIST_FILE = 00353206/Info.plist;
				LD_RUNPATH_SEARCH_PATHS = "$(inherited) @executable_path/Frameworks";
				PRODUCT_BUNDLE_IDENTIFIER = "eva.-0353206";
				PRODUCT_NAME = "$(TARGET_NAME)";
				SWIFT_VERSION = 3.0;
			};
			name = Release;
		};
		4C4971D21E8C18F600541EDE /* Debug */ = {
			isa = XCBuildConfiguration;
			buildSettings = {
				ALWAYS_EMBED_SWIFT_STANDARD_LIBRARIES = YES;
				BUNDLE_LOADER = "$(TEST_HOST)";
				INFOPLIST_FILE = 00353206Tests/Info.plist;
				LD_RUNPATH_SEARCH_PATHS = "$(inherited) @executable_path/Frameworks @loader_path/Frameworks";
				PRODUCT_BUNDLE_IDENTIFIER = "eva.-0353206Tests";
				PRODUCT_NAME = "$(TARGET_NAME)";
				SWIFT_VERSION = 3.0;
				TEST_HOST = "$(BUILT_PRODUCTS_DIR)/00353206.app/00353206";
			};
			name = Debug;
		};
		4C4971D31E8C18F600541EDE /* Release */ = {
			isa = XCBuildConfiguration;
			buildSettings = {
				ALWAYS_EMBED_SWIFT_STANDARD_LIBRARIES = YES;
				BUNDLE_LOADER = "$(TEST_HOST)";
				INFOPLIST_FILE = 00353206Tests/Info.plist;
				LD_RUNPATH_SEARCH_PATHS = "$(inherited) @executable_path/Frameworks @loader_path/Frameworks";
				PRODUCT_BUNDLE_IDENTIFIER = "eva.-0353206Tests";
				PRODUCT_NAME = "$(TARGET_NAME)";
				SWIFT_VERSION = 3.0;
				TEST_HOST = "$(BUILT_PRODUCTS_DIR)/00353206.app/00353206";
			};
			name = Release;
		};
		4C4971D51E8C18F600541EDE /* Debug */ = {
			isa = XCBuildConfiguration;
			buildSettings = {
				ALWAYS_EMBED_SWIFT_STANDARD_LIBRARIES = YES;
				INFOPLIST_FILE = 00353206UITests/Info.plist;
				LD_RUNPATH_SEARCH_PATHS = "$(inherited) @executable_path/Frameworks @loader_path/Frameworks";
				PRODUCT_BUNDLE_IDENTIFIER = "eva.-0353206UITests";
				PRODUCT_NAME = "$(TARGET_NAME)";
				SWIFT_VERSION = 3.0;
				TEST_TARGET_NAME = 00353206;
			};
			name = Debug;
		};
		4C4971D61E8C18F600541EDE /* Release */ = {
			isa = XCBuildConfiguration;
			buildSettings = {
				ALWAYS_EMBED_SWIFT_STANDARD_LIBRARIES = YES;
				INFOPLIST_FILE = 00353206UITests/Info.plist;
				LD_RUNPATH_SEARCH_PATHS = "$(inherited) @executable_path/Frameworks @loader_path/Frameworks";
				PRODUCT_BUNDLE_IDENTIFIER = "eva.-0353206UITests";
				PRODUCT_NAME = "$(TARGET_NAME)";
				SWIFT_VERSION = 3.0;
				TEST_TARGET_NAME = 00353206;
			};
			name = Release;
		};
/* End XCBuildConfiguration section */

/* Begin XCConfigurationList section */
		4C4971A11E8C18F600541EDE /* Build configuration list for PBXProject "00353206" */ = {
			isa = XCConfigurationList;
			buildConfigurations = (
				4C4971CC1E8C18F600541EDE /* Debug */,
				4C4971CD1E8C18F600541EDE /* Release */,
			);
			defaultConfigurationIsVisible = 0;
			defaultConfigurationName = Release;
		};
		4C4971CE1E8C18F600541EDE /* Build configuration list for PBXNativeTarget "00353206" */ = {
			isa = XCConfigurationList;
			buildConfigurations = (
				4C4971CF1E8C18F600541EDE /* Debug */,
				4C4971D01E8C18F600541EDE /* Release */,
			);
			defaultConfigurationIsVisible = 0;
		};
		4C4971D11E8C18F600541EDE /* Build configuration list for PBXNativeTarget "00353206Tests" */ = {
			isa = XCConfigurationList;
			buildConfigurations = (
				4C4971D21E8C18F600541EDE /* Debug */,
				4C4971D31E8C18F600541EDE /* Release */,
			);
			defaultConfigurationIsVisible = 0;
		};
		4C4971D41E8C18F600541EDE /* Build configuration list for PBXNativeTarget "00353206UITests" */ = {
			isa = XCConfigurationList;
			buildConfigurations = (
				4C4971D51E8C18F600541EDE /* Debug */,
				4C4971D61E8C18F600541EDE /* Release */,
			);
			defaultConfigurationIsVisible = 0;
		};
/* End XCConfigurationList section */
	};
	rootObject = 4C49719E1E8C18F600541EDE /* Project object */;
}
